
Microsoft Visual Studio Solution File, Format Version 12.00
# Visual Studio Version 17
VisualStudioVersion = 17.10.35027.167
MinimumVisualStudioVersion = 10.0.40219.1
Project("{FAE04EC0-301F-11D3-BF4B-00C04F79EFBC}") = "AdventOfCode2024", "AdventOfCode2024\AdventOfCode2024.csproj", "{B909D048-41BE-4843-A3F6-5C51051DD358}"
EndProject
Project("{FAE04EC0-301F-11D3-BF4B-00C04F79EFBC}") = "AdventOfCode2024.Tests", "AdventOfCode2024.Tests\AdventOfCode2024.Tests.csproj", "{04AE55CE-B9DE-43D9-82EF-2DBCA79276B1}"
EndProject
Global
	GlobalSection(SolutionConfigurationPlatforms) = preSolution
		Debug|Any CPU = Debug|Any CPU
		Release|Any CPU = Release|Any CPU
	EndGlobalSection
	GlobalSection(ProjectConfigurationPlatforms) = postSolution
		{B909D048-41BE-4843-A3F6-5C51051DD358}.Debug|Any CPU.ActiveCfg = Debug|Any CPU
		{B909D048-41BE-4843-A3F6-5C51051DD358}.Debug|Any CPU.Build.0 = Debug|Any CPU
		{B909D048-41BE-4843-A3F6-5C51051DD358}.Release|Any CPU.ActiveCfg = Release|Any CPU
		{B909D048-41BE-4843-A3F6-5C51051DD358}.Release|Any CPU.Build.0 = Release|Any CPU
		{04AE55CE-B9DE-43D9-82EF-2DBCA79276B1}.Debug|Any CPU.ActiveCfg = Debug|Any CPU
		{04AE55CE-B9DE-43D9-82EF-2DBCA79276B1}.Debug|Any CPU.Build.0 = Debug|Any CPU
		{04AE55CE-B9DE-43D9-82EF-2DBCA79276B1}.Release|Any CPU.ActiveCfg = Release|Any CPU
		{04AE55CE-B9DE-43D9-82EF-2DBCA79276B1}.Release|Any CPU.Build.0 = Release|Any CPU
	EndGlobalSection
	GlobalSection(SolutionProperties) = preSolution
		HideSolutionNode = FALSE
	EndGlobalSection
	GlobalSection(ExtensibilityGlobals) = postSolution
		SolutionGuid = {1D094103-F69E-4659-B9AF-6021BAB25DF9}
	EndGlobalSection
EndGlobal
